Microsoft Visual Studio Solution File, Format Version 11.00
# Visual Studio 2008

Project("{F6664F27-A111-1820-96E4-21B5127316F7}") = "XLand_client", "Assembly-CSharp.csproj", "{DF0BAFF2-3396-AABA-87B2-1B44983085BA}"
EndProject
Project("{F6664F27-A111-1820-96E4-21B5127316F7}") = "XLand_client", "Assembly-CSharp-Editor.csproj", "{07C75CA5-3FE7-7F08-CCEE-5E2126257FCD}"
EndProject
Global
	GlobalSection(SolutionConfigurationPlatforms) = preSolution
		Debug|Any CPU = Debug|Any CPU
		Release|Any CPU = Release|Any CPU
	EndGlobalSection
	GlobalSection(ProjectConfigurationPlatforms) = postSolution
		{DF0BAFF2-3396-AABA-87B2-1B44983085BA}.Debug|Any CPU.ActiveCfg = Debug|Any CPU
		{DF0BAFF2-3396-AABA-87B2-1B44983085BA}.Debug|Any CPU.Build.0 = Debug|Any CPU
		{DF0BAFF2-3396-AABA-87B2-1B44983085BA}.Release|Any CPU.ActiveCfg = Release|Any CPU
		{DF0BAFF2-3396-AABA-87B2-1B44983085BA}.Release|Any CPU.Build.0 = Release|Any CPU
		{07C75CA5-3FE7-7F08-CCEE-5E2126257FCD}.Debug|Any CPU.ActiveCfg = Debug|Any CPU
		{07C75CA5-3FE7-7F08-CCEE-5E2126257FCD}.Debug|Any CPU.Build.0 = Debug|Any CPU
		{07C75CA5-3FE7-7F08-CCEE-5E2126257FCD}.Release|Any CPU.ActiveCfg = Release|Any CPU
		{07C75CA5-3FE7-7F08-CCEE-5E2126257FCD}.Release|Any CPU.Build.0 = Release|Any CPU
	EndGlobalSection
	GlobalSection(SolutionProperties) = preSolution
		HideSolutionNode = FALSE
	EndGlobalSection
																																																																																																								GlobalSection(MonoDevelopProperties) = preSolution
		StartupItem = Assembly-CSharp.csproj
		Policies = $0
		$0.TextStylePolicy = $1
		$1.inheritsSet = null
		$1.scope = text/x-csharp
		$0.CSharpFormattingPolicy = $2
		$2.inheritsSet = Mono
		$2.inheritsScope = text/x-csharp
		$2.scope = text/x-csharp
		$0.TextStylePolicy = $3
		$3.FileWidth = 120
		$3.TabWidth = 4
		$3.IndentWidth = 4
		$3.EolMarker = Unix
		$3.inheritsSet = Mono
		$3.inheritsScope = text/plain
		$3.scope = text/plain
	EndGlobalSection

EndGlobal
