
Microsoft Visual Studio Solution File, Format Version 12.00
# Visual Studio 14
VisualStudioVersion = 14.0.23107.0
MinimumVisualStudioVersion = 10.0.40219.1
Project("{FAE04EC0-301F-11D3-BF4B-00C04F79EFBC}") = "XLand_proto", "XLand_proto.csproj", "{C3B8E3B1-0228-47DC-B9D3-F28A20D17725}"
EndProject
Global
	GlobalSection(SolutionConfigurationPlatforms) = preSolution
		Debug|Any CPU = Debug|Any CPU
		Release|Any CPU = Release|Any CPU
	EndGlobalSection
	GlobalSection(ProjectConfigurationPlatforms) = postSolution
		{C3B8E3B1-0228-47DC-B9D3-F28A20D17725}.Debug|Any CPU.ActiveCfg = Debug|Any CPU
		{C3B8E3B1-0228-47DC-B9D3-F28A20D17725}.Debug|Any CPU.Build.0 = Debug|Any CPU
		{C3B8E3B1-0228-47DC-B9D3-F28A20D17725}.Release|Any CPU.ActiveCfg = Release|Any CPU
		{C3B8E3B1-0228-47DC-B9D3-F28A20D17725}.Release|Any CPU.Build.0 = Release|Any CPU
	EndGlobalSection
	GlobalSection(SolutionProperties) = preSolution
		HideSolutionNode = FALSE
	EndGlobalSection
EndGlobal
